{
  "name": "roblox-funcaptcha",
  "version": "4.0.5",
  "lockfileVersion": 2,
  "requires": true,
  "packages": {
    "": {
      "name": "roblox-funcaptcha",
      "version": "4.0.5",
      "license": "MIT",
      "dependencies": {
        "undici": "^4.12.2"
      }
    },
    "node_modules/undici": {
      "version": "4.12.2",
      "resolved": "https://registry.npmjs.org/undici/-/undici-4.12.2.tgz",
      "integrity": "sha512-RZj6SbkQFs5O/pJCboGEo6l5DTCe3Zg4r/8Z/0/2qnIv08+s6zL4akohOPMYWKc3mzwv15WTvsfMWaafZcvYoQ==",
      "engines": {
        "node": ">=12.18"
      }
    }
  },
  "dependencies": {
    "undici": {
      "version": "4.12.2",
      "resolved": "https://registry.npmjs.org/undici/-/undici-4.12.2.tgz",
      "integrity": "sha512-RZj6SbkQFs5O/pJCboGEo6l5DTCe3Zg4r/8Z/0/2qnIv08+s6zL4akohOPMYWKc3mzwv15WTvsfMWaafZcvYoQ=="
    }
  }
}
